// !$*UTF8*$!
{
	archiveVersion = 1;
	classes = {
	};
	objectVersion = 55;
	objects = {

/* Begin PBXBuildFile section */
		C3CD0100289CFCCA00777E2E /* FireLoginApp.swift in Sources */ = {isa = PBXBuildFile; fileRef = C3CD00FF289CFCCA00777E2E /* FireLoginApp.swift */; };
		C3CD0102289CFCCA00777E2E /* ContentView.swift in Sources */ = {isa = PBXBuildFile; fileRef = C3CD0101289CFCCA00777E2E /* ContentView.swift */; };
		C3CD0104289CFCCC00777E2E /* Assets.xcassets in Resources */ = {isa = PBXBuildFile; fileRef = C3CD0103289CFCCC00777E2E /* Assets.xcassets */; };
		C3CD0107289CFCCC00777E2E /* Preview Assets.xcassets in Resources */ = {isa = PBXBuildFile; fileRef = C3CD0106289CFCCC00777E2E /* Preview Assets.xcassets */; };
		C3CD0111289CFCCD00777E2E /* FireLoginTests.swift in Sources */ = {isa = PBXBuildFile; fileRef = C3CD0110289CFCCD00777E2E /* FireLoginTests.swift */; };
		C3CD011B289CFCCD00777E2E /* FireLoginUITests.swift in Sources */ = {isa = PBXBuildFile; fileRef = C3CD011A289CFCCD00777E2E /* FireLoginUITests.swift */; };
		C3CD011D289CFCCD00777E2E /* FireLoginUITestsLaunchTests.swift in Sources */ = {isa = PBXBuildFile; fileRef = C3CD011C289CFCCD00777E2E /* FireLoginUITestsLaunchTests.swift */; };
		C3CD012A289CFD7800777E2E /* GoogleService-Info.plist in Resources */ = {isa = PBXBuildFile; fileRef = C3CD0129289CFD7800777E2E /* GoogleService-Info.plist */; };
		C3CD012D289CFE1E00777E2E /* FirebaseAuth in Frameworks */ = {isa = PBXBuildFile; productRef = C3CD012C289CFE1E00777E2E /* FirebaseAuth */; };
		C3CD012F289CFE1E00777E2E /* FirebaseDatabase in Frameworks */ = {isa = PBXBuildFile; productRef = C3CD012E289CFE1E00777E2E /* FirebaseDatabase */; };
		C3CD0131289CFE1E00777E2E /* FirebaseDatabaseSwift in Frameworks */ = {isa = PBXBuildFile; productRef = C3CD0130289CFE1E00777E2E /* FirebaseDatabaseSwift */; };
		C3CD0133289CFE1E00777E2E /* FirebaseFirestore in Frameworks */ = {isa = PBXBuildFile; productRef = C3CD0132289CFE1E00777E2E /* FirebaseFirestore */; };
		C3CD0135289CFE1E00777E2E /* FirebaseFirestoreSwift in Frameworks */ = {isa = PBXBuildFile; productRef = C3CD0134289CFE1E00777E2E /* FirebaseFirestoreSwift */; };
		C3CD0137289CFE1E00777E2E /* FirebaseStorage in Frameworks */ = {isa = PBXBuildFile; productRef = C3CD0136289CFE1E00777E2E /* FirebaseStorage */; };
		C3CD0139289CFE1E00777E2E /* FirebaseStorageCombine-Community in Frameworks */ = {isa = PBXBuildFile; productRef = C3CD0138289CFE1E00777E2E /* FirebaseStorageCombine-Community */; };
		C3CD013B289D00D200777E2E /* AuthViewModel.swift in Sources */ = {isa = PBXBuildFile; fileRef = C3CD013A289D00D200777E2E /* AuthViewModel.swift */; };
		C3CD013D289D0A2900777E2E /* MainView.swift in Sources */ = {isa = PBXBuildFile; fileRef = C3CD013C289D0A2900777E2E /* MainView.swift */; };
		C3CD013F289D0A3300777E2E /* SignUpView.swift in Sources */ = {isa = PBXBuildFile; fileRef = C3CD013E289D0A3300777E2E /* SignUpView.swift */; };
/* End PBXBuildFile section */

/* Begin PBXContainerItemProxy section */
		C3CD010D289CFCCD00777E2E /* PBXContainerItemProxy */ = {
			isa = PBXContainerItemProxy;
			containerPortal = C3CD00F4289CFCCA00777E2E /* Project object */;
			proxyType = 1;
			remoteGlobalIDString = C3CD00FB289CFCCA00777E2E;
			remoteInfo = FireLogin;
		};
		C3CD0117289CFCCD00777E2E /* PBXContainerItemProxy */ = {
			isa = PBXContainerItemProxy;
			containerPortal = C3CD00F4289CFCCA00777E2E /* Project object */;
			proxyType = 1;
			remoteGlobalIDString = C3CD00FB289CFCCA00777E2E;
			remoteInfo = FireLogin;
		};
/* End PBXContainerItemProxy section */

/* Begin PBXFileReference section */
		C3CD00FC289CFCCA00777E2E /* FireLogin.app */ = {isa = PBXFileReference; explicitFileType = wrapper.application; includeInIndex = 0; path = FireLogin.app; sourceTree = BUILT_PRODUCTS_DIR; };
		C3CD00FF289CFCCA00777E2E /* FireLoginApp.swift */ = {isa = PBXFileReference; lastKnownFileType = sourcecode.swift; path = FireLoginApp.swift; sourceTree = "<group>"; };
		C3CD0101289CFCCA00777E2E /* ContentView.swift */ = {isa = PBXFileReference; lastKnownFileType = sourcecode.swift; path = ContentView.swift; sourceTree = "<group>"; };
		C3CD0103289CFCCC00777E2E /* Assets.xcassets */ = {isa = PBXFileReference; lastKnownFileType = folder.assetcatalog; path = Assets.xcassets; sourceTree = "<group>"; };
		C3CD0106289CFCCC00777E2E /* Preview Assets.xcassets */ = {isa = PBXFileReference; lastKnownFileType = folder.assetcatalog; path = "Preview Assets.xcassets"; sourceTree = "<group>"; };
		C3CD010C289CFCCD00777E2E /* FireLoginTests.xctest */ = {isa = PBXFileReference; explicitFileType = wrapper.cfbundle; includeInIndex = 0; path = FireLoginTests.xctest; sourceTree = BUILT_PRODUCTS_DIR; };
		C3CD0110289CFCCD00777E2E /* FireLoginTests.swift */ = {isa = PBXFileReference; lastKnownFileType = sourcecode.swift; path = FireLoginTests.swift; sourceTree = "<group>"; };
		C3CD0116289CFCCD00777E2E /* FireLoginUITests.xctest */ = {isa = PBXFileReference; explicitFileType = wrapper.cfbundle; includeInIndex = 0; path = FireLoginUITests.xctest; sourceTree = BUILT_PRODUCTS_DIR; };
		C3CD011A289CFCCD00777E2E /* FireLoginUITests.swift */ = {isa = PBXFileReference; lastKnownFileType = sourcecode.swift; path = FireLoginUITests.swift; sourceTree = "<group>"; };
		C3CD011C289CFCCD00777E2E /* FireLoginUITestsLaunchTests.swift */ = {isa = PBXFileReference; lastKnownFileType = sourcecode.swift; path = FireLoginUITestsLaunchTests.swift; sourceTree = "<group>"; };
		C3CD0129289CFD7800777E2E /* GoogleService-Info.plist */ = {isa = PBXFileReference; fileEncoding = 4; lastKnownFileType = text.plist.xml; path = "GoogleService-Info.plist"; sourceTree = "<group>"; };
		C3CD013A289D00D200777E2E /* AuthViewModel.swift */ = {isa = PBXFileReference; lastKnownFileType = sourcecode.swift; path = AuthViewModel.swift; sourceTree = "<group>"; };
		C3CD013C289D0A2900777E2E /* MainView.swift */ = {isa = PBXFileReference; lastKnownFileType = sourcecode.swift; path = MainView.swift; sourceTree = "<group>"; };
		C3CD013E289D0A3300777E2E /* SignUpView.swift */ = {isa = PBXFileReference; lastKnownFileType = sourcecode.swift; path = SignUpView.swift; sourceTree = "<group>"; };
/* End PBXFileReference section */

/* Begin PBXFrameworksBuildPhase section */
		C3CD00F9289CFCCA00777E2E /* Frameworks */ = {
			isa = PBXFrameworksBuildPhase;
			buildActionMask = 2147483647;
			files = (
				C3CD0135289CFE1E00777E2E /* FirebaseFirestoreSwift in Frameworks */,
				C3CD0139289CFE1E00777E2E /* FirebaseStorageCombine-Community in Frameworks */,
				C3CD0131289CFE1E00777E2E /* FirebaseDatabaseSwift in Frameworks */,
				C3CD0133289CFE1E00777E2E /* FirebaseFirestore in Frameworks */,
				C3CD012F289CFE1E00777E2E /* FirebaseDatabase in Frameworks */,
				C3CD012D289CFE1E00777E2E /* FirebaseAuth in Frameworks */,
				C3CD0137289CFE1E00777E2E /* FirebaseStorage in Frameworks */,
			);
			runOnlyForDeploymentPostprocessing = 0;
		};
		C3CD0109289CFCCD00777E2E /* Frameworks */ = {
			isa = PBXFrameworksBuildPhase;
			buildActionMask = 2147483647;
			files = (
			);
			runOnlyForDeploymentPostprocessing = 0;
		};
		C3CD0113289CFCCD00777E2E /* Frameworks */ = {
			isa = PBXFrameworksBuildPhase;
			buildActionMask = 2147483647;
			files = (
			);
			runOnlyForDeploymentPostprocessing = 0;
		};
/* End PBXFrameworksBuildPhase section */

/* Begin PBXGroup section */
		C3CD00F3289CFCCA00777E2E = {
			isa = PBXGroup;
			children = (
				C3CD00FE289CFCCA00777E2E /* FireLogin */,
				C3CD010F289CFCCD00777E2E /* FireLoginTests */,
				C3CD0119289CFCCD00777E2E /* FireLoginUITests */,
				C3CD00FD289CFCCA00777E2E /* Products */,
			);
			sourceTree = "<group>";
		};
		C3CD00FD289CFCCA00777E2E /* Products */ = {
			isa = PBXGroup;
			children = (
				C3CD00FC289CFCCA00777E2E /* FireLogin.app */,
				C3CD010C289CFCCD00777E2E /* FireLoginTests.xctest */,
				C3CD0116289CFCCD00777E2E /* FireLoginUITests.xctest */,
			);
			name = Products;
			sourceTree = "<group>";
		};
		C3CD00FE289CFCCA00777E2E /* FireLogin */ = {
			isa = PBXGroup;
			children = (
				C3CD0129289CFD7800777E2E /* GoogleService-Info.plist */,
				C3CD00FF289CFCCA00777E2E /* FireLoginApp.swift */,
				C3CD0101289CFCCA00777E2E /* ContentView.swift */,
				C3CD013A289D00D200777E2E /* AuthViewModel.swift */,
				C3CD013C289D0A2900777E2E /* MainView.swift */,
				C3CD013E289D0A3300777E2E /* SignUpView.swift */,
				C3CD0103289CFCCC00777E2E /* Assets.xcassets */,
				C3CD0105289CFCCC00777E2E /* Preview Content */,
			);
			path = FireLogin;
			sourceTree = "<group>";
		};
		C3CD0105289CFCCC00777E2E /* Preview Content */ = {
			isa = PBXGroup;
			children = (
				C3CD0106289CFCCC00777E2E /* Preview Assets.xcassets */,
			);
			path = "Preview Content";
			sourceTree = "<group>";
		};
		C3CD010F289CFCCD00777E2E /* FireLoginTests */ = {
			isa = PBXGroup;
			children = (
				C3CD0110289CFCCD00777E2E /* FireLoginTests.swift */,
			);
			path = FireLoginTests;
			sourceTree = "<group>";
		};
		C3CD0119289CFCCD00777E2E /* FireLoginUITests */ = {
			isa = PBXGroup;
			children = (
				C3CD011A289CFCCD00777E2E /* FireLoginUITests.swift */,
				C3CD011C289CFCCD00777E2E /* FireLoginUITestsLaunchTests.swift */,
			);
			path = FireLoginUITests;
			sourceTree = "<group>";
		};
/* End PBXGroup section */

/* Begin PBXNativeTarget section */
		C3CD00FB289CFCCA00777E2E /* FireLogin */ = {
			isa = PBXNativeTarget;
			buildConfigurationList = C3CD0120289CFCCD00777E2E /* Build configuration list for PBXNativeTarget "FireLogin" */;
			buildPhases = (
				C3CD00F8289CFCCA00777E2E /* Sources */,
				C3CD00F9289CFCCA00777E2E /* Frameworks */,
				C3CD00FA289CFCCA00777E2E /* Resources */,
			);
			buildRules = (
			);
			dependencies = (
			);
			name = FireLogin;
			packageProductDependencies = (
				C3CD012C289CFE1E00777E2E /* FirebaseAuth */,
				C3CD012E289CFE1E00777E2E /* FirebaseDatabase */,
				C3CD0130289CFE1E00777E2E /* FirebaseDatabaseSwift */,
				C3CD0132289CFE1E00777E2E /* FirebaseFirestore */,
				C3CD0134289CFE1E00777E2E /* FirebaseFirestoreSwift */,
				C3CD0136289CFE1E00777E2E /* FirebaseStorage */,
				C3CD0138289CFE1E00777E2E /* FirebaseStorageCombine-Community */,
			);
			productName = FireLogin;
			productReference = C3CD00FC289CFCCA00777E2E /* FireLogin.app */;
			productType = "com.apple.product-type.application";
		};
		C3CD010B289CFCCD00777E2E /* FireLoginTests */ = {
			isa = PBXNativeTarget;
			buildConfigurationList = C3CD0123289CFCCD00777E2E /* Build configuration list for PBXNativeTarget "FireLoginTests" */;
			buildPhases = (
				C3CD0108289CFCCD00777E2E /* Sources */,
				C3CD0109289CFCCD00777E2E /* Frameworks */,
				C3CD010A289CFCCD00777E2E /* Resources */,
			);
			buildRules = (
			);
			dependencies = (
				C3CD010E289CFCCD00777E2E /* PBXTargetDependency */,
			);
			name = FireLoginTests;
			productName = FireLoginTests;
			productReference = C3CD010C289CFCCD00777E2E /* FireLoginTests.xctest */;
			productType = "com.apple.product-type.bundle.unit-test";
		};
		C3CD0115289CFCCD00777E2E /* FireLoginUITests */ = {
			isa = PBXNativeTarget;
			buildConfigurationList = C3CD0126289CFCCD00777E2E /* Build configuration list for PBXNativeTarget "FireLoginUITests" */;
			buildPhases = (
				C3CD0112289CFCCD00777E2E /* Sources */,
				C3CD0113289CFCCD00777E2E /* Frameworks */,
				C3CD0114289CFCCD00777E2E /* Resources */,
			);
			buildRules = (
			);
			dependencies = (
				C3CD0118289CFCCD00777E2E /* PBXTargetDependency */,
			);
			name = FireLoginUITests;
			productName = FireLoginUITests;
			productReference = C3CD0116289CFCCD00777E2E /* FireLoginUITests.xctest */;
			productType = "com.apple.product-type.bundle.ui-testing";
		};
/* End PBXNativeTarget section */

/* Begin PBXProject section */
		C3CD00F4289CFCCA00777E2E /* Project object */ = {
			isa = PBXProject;
			attributes = {
				BuildIndependentTargetsInParallel = 1;
				LastSwiftUpdateCheck = 1340;
				LastUpgradeCheck = 1340;
				TargetAttributes = {
					C3CD00FB289CFCCA00777E2E = {
						CreatedOnToolsVersion = 13.4.1;
					};
					C3CD010B289CFCCD00777E2E = {
						CreatedOnToolsVersion = 13.4.1;
						TestTargetID = C3CD00FB289CFCCA00777E2E;
					};
					C3CD0115289CFCCD00777E2E = {
						CreatedOnToolsVersion = 13.4.1;
						TestTargetID = C3CD00FB289CFCCA00777E2E;
					};
				};
			};
			buildConfigurationList = C3CD00F7289CFCCA00777E2E /* Build configuration list for PBXProject "FireLogin" */;
			compatibilityVersion = "Xcode 13.0";
			developmentRegion = en;
			hasScannedForEncodings = 0;
			knownRegions = (
				en,
				Base,
			);
			mainGroup = C3CD00F3289CFCCA00777E2E;
			packageReferences = (
				C3CD012B289CFE1E00777E2E /* XCRemoteSwiftPackageReference "firebase-ios-sdk" */,
			);
			productRefGroup = C3CD00FD289CFCCA00777E2E /* Products */;
			projectDirPath = "";
			projectRoot = "";
			targets = (
				C3CD00FB289CFCCA00777E2E /* FireLogin */,
				C3CD010B289CFCCD00777E2E /* FireLoginTests */,
				C3CD0115289CFCCD00777E2E /* FireLoginUITests */,
			);
		};
/* End PBXProject section */

/* Begin PBXResourcesBuildPhase section */
		C3CD00FA289CFCCA00777E2E /* Resources */ = {
			isa = PBXResourcesBuildPhase;
			buildActionMask = 2147483647;
			files = (
				C3CD0107289CFCCC00777E2E /* Preview Assets.xcassets in Resources */,
				C3CD0104289CFCCC00777E2E /* Assets.xcassets in Resources */,
				C3CD012A289CFD7800777E2E /* GoogleService-Info.plist in Resources */,
			);
			runOnlyForDeploymentPostprocessing = 0;
		};
		C3CD010A289CFCCD00777E2E /* Resources */ = {
			isa = PBXResourcesBuildPhase;
			buildActionMask = 2147483647;
			files = (
			);
			runOnlyForDeploymentPostprocessing = 0;
		};
		C3CD0114289CFCCD00777E2E /* Resources */ = {
			isa = PBXResourcesBuildPhase;
			buildActionMask = 2147483647;
			files = (
			);
			runOnlyForDeploymentPostprocessing = 0;
		};
/* End PBXResourcesBuildPhase section */

/* Begin PBXSourcesBuildPhase section */
		C3CD00F8289CFCCA00777E2E /* Sources */ = {
			isa = PBXSourcesBuildPhase;
			buildActionMask = 2147483647;
			files = (
				C3CD0102289CFCCA00777E2E /* ContentView.swift in Sources */,
				C3CD013F289D0A3300777E2E /* SignUpView.swift in Sources */,
				C3CD013D289D0A2900777E2E /* MainView.swift in Sources */,
				C3CD0100289CFCCA00777E2E /* FireLoginApp.swift in Sources */,
				C3CD013B289D00D200777E2E /* AuthViewModel.swift in Sources */,
			);
			runOnlyForDeploymentPostprocessing = 0;
		};
		C3CD0108289CFCCD00777E2E /* Sources */ = {
			isa = PBXSourcesBuildPhase;
			buildActionMask = 2147483647;
			files = (
				C3CD0111289CFCCD00777E2E /* FireLoginTests.swift in Sources */,
			);
			runOnlyForDeploymentPostprocessing = 0;
		};
		C3CD0112289CFCCD00777E2E /* Sources */ = {
			isa = PBXSourcesBuildPhase;
			buildActionMask = 2147483647;
			files = (
				C3CD011D289CFCCD00777E2E /* FireLoginUITestsLaunchTests.swift in Sources */,
				C3CD011B289CFCCD00777E2E /* FireLoginUITests.swift in Sources */,
			);
			runOnlyForDeploymentPostprocessing = 0;
		};
/* End PBXSourcesBuildPhase section */

/* Begin PBXTargetDependency section */
		C3CD010E289CFCCD00777E2E /* PBXTargetDependency */ = {
			isa = PBXTargetDependency;
			target = C3CD00FB289CFCCA00777E2E /* FireLogin */;
			targetProxy = C3CD010D289CFCCD00777E2E /* PBXContainerItemProxy */;
		};
		C3CD0118289CFCCD00777E2E /* PBXTargetDependency */ = {
			isa = PBXTargetDependency;
			target = C3CD00FB289CFCCA00777E2E /* FireLogin */;
			targetProxy = C3CD0117289CFCCD00777E2E /* PBXContainerItemProxy */;
		};
/* End PBXTargetDependency section */

/* Begin XCBuildConfiguration section */
		C3CD011E289CFCCD00777E2E /* Debug */ = {
			isa = XCBuildConfiguration;
			buildSettings = {
				ALWAYS_SEARCH_USER_PATHS = NO;
				CLANG_ANALYZER_NONNULL = YES;
				CLANG_ANALYZER_NUMBER_OBJECT_CONVERSION = YES_AGGRESSIVE;
				CLANG_CXX_LANGUAGE_STANDARD = "gnu++17";
				CLANG_ENABLE_MODULES = YES;
				CLANG_ENABLE_OBJC_ARC = YES;
				CLANG_ENABLE_OBJC_WEAK = YES;
				CLANG_WARN_BLOCK_CAPTURE_AUTORELEASING = YES;
				CLANG_WARN_BOOL_CONVERSION = YES;
				CLANG_WARN_COMMA = YES;
				CLANG_WARN_CONSTANT_CONVERSION = YES;
				CLANG_WARN_DEPRECATED_OBJC_IMPLEMENTATIONS = YES;
				CLANG_WARN_DIRECT_OBJC_ISA_USAGE = YES_ERROR;
				CLANG_WARN_DOCUMENTATION_COMMENTS = YES;
				CLANG_WARN_EMPTY_BODY = YES;
				CLANG_WARN_ENUM_CONVERSION = YES;
				CLANG_WARN_INFINITE_RECURSION = YES;
				CLANG_WARN_INT_CONVERSION = YES;
				CLANG_WARN_NON_LITERAL_NULL_CONVERSION = YES;
				CLANG_WARN_OBJC_IMPLICIT_RETAIN_SELF = YES;
				CLANG_WARN_OBJC_LITERAL_CONVERSION = YES;
				CLANG_WARN_OBJC_ROOT_CLASS = YES_ERROR;
				CLANG_WARN_QUOTED_INCLUDE_IN_FRAMEWORK_HEADER = YES;
				CLANG_WARN_RANGE_LOOP_ANALYSIS = YES;
				CLANG_WARN_STRICT_PROTOTYPES = YES;
				CLANG_WARN_SUSPICIOUS_MOVE = YES;
				CLANG_WARN_UNGUARDED_AVAILABILITY = YES_AGGRESSIVE;
				CLANG_WARN_UNREACHABLE_CODE = YES;
				CLANG_WARN__DUPLICATE_METHOD_MATCH = YES;
				COPY_PHASE_STRIP = NO;
				DEBUG_INFORMATION_FORMAT = dwarf;
				ENABLE_STRICT_OBJC_MSGSEND = YES;
				ENABLE_TESTABILITY = YES;
				GCC_C_LANGUAGE_STANDARD = gnu11;
				GCC_DYNAMIC_NO_PIC = NO;
				GCC_NO_COMMON_BLOCKS = YES;
				GCC_OPTIMIZATION_LEVEL = 0;
				GCC_PREPROCESSOR_DEFINITIONS = (
					"DEBUG=1",
					"$(inherited)",
				);
				GCC_WARN_64_TO_32_BIT_CONVERSION = YES;
				GCC_WARN_ABOUT_RETURN_TYPE = YES_ERROR;
				GCC_WARN_UNDECLARED_SELECTOR = YES;
				GCC_WARN_UNINITIALIZED_AUTOS = YES_AGGRESSIVE;
				GCC_WARN_UNUSED_FUNCTION = YES;
				GCC_WARN_UNUSED_VARIABLE = YES;
				IPHONEOS_DEPLOYMENT_TARGET = 15.5;
				MTL_ENABLE_DEBUG_INFO = INCLUDE_SOURCE;
				MTL_FAST_MATH = YES;
				ONLY_ACTIVE_ARCH = YES;
				SDKROOT = iphoneos;
				SWIFT_ACTIVE_COMPILATION_CONDITIONS = DEBUG;
				SWIFT_OPTIMIZATION_LEVEL = "-Onone";
			};
			name = Debug;
		};
		C3CD011F289CFCCD00777E2E /* Release */ = {
			isa = XCBuildConfiguration;
			buildSettings = {
				ALWAYS_SEARCH_USER_PATHS = NO;
				CLANG_ANALYZER_NONNULL = YES;
				CLANG_ANALYZER_NUMBER_OBJECT_CONVERSION = YES_AGGRESSIVE;
				CLANG_CXX_LANGUAGE_STANDARD = "gnu++17";
				CLANG_ENABLE_MODULES = YES;
				CLANG_ENABLE_OBJC_ARC = YES;
				CLANG_ENABLE_OBJC_WEAK = YES;
				CLANG_WARN_BLOCK_CAPTURE_AUTORELEASING = YES;
				CLANG_WARN_BOOL_CONVERSION = YES;
				CLANG_WARN_COMMA = YES;
				CLANG_WARN_CONSTANT_CONVERSION = YES;
				CLANG_WARN_DEPRECATED_OBJC_IMPLEMENTATIONS = YES;
				CLANG_WARN_DIRECT_OBJC_ISA_USAGE = YES_ERROR;
				CLANG_WARN_DOCUMENTATION_COMMENTS = YES;
				CLANG_WARN_EMPTY_BODY = YES;
				CLANG_WARN_ENUM_CONVERSION = YES;
				CLANG_WARN_INFINITE_RECURSION = YES;
				CLANG_WARN_INT_CONVERSION = YES;
				CLANG_WARN_NON_LITERAL_NULL_CONVERSION = YES;
				CLANG_WARN_OBJC_IMPLICIT_RETAIN_SELF = YES;
				CLANG_WARN_OBJC_LITERAL_CONVERSION = YES;
				CLANG_WARN_OBJC_ROOT_CLASS = YES_ERROR;
				CLANG_WARN_QUOTED_INCLUDE_IN_FRAMEWORK_HEADER = YES;
				CLANG_WARN_RANGE_LOOP_ANALYSIS = YES;
				CLANG_WARN_STRICT_PROTOTYPES = YES;
				CLANG_WARN_SUSPICIOUS_MOVE = YES;
				CLANG_WARN_UNGUARDED_AVAILABILITY = YES_AGGRESSIVE;
				CLANG_WARN_UNREACHABLE_CODE = YES;
				CLANG_WARN__DUPLICATE_METHOD_MATCH = YES;
				COPY_PHASE_STRIP = NO;
				DEBUG_INFORMATION_FORMAT = "dwarf-with-dsym";
				ENABLE_NS_ASSERTIONS = NO;
				ENABLE_STRICT_OBJC_MSGSEND = YES;
				GCC_C_LANGUAGE_STANDARD = gnu11;
				GCC_NO_COMMON_BLOCKS = YES;
				GCC_WARN_64_TO_32_BIT_CONVERSION = YES;
				GCC_WARN_ABOUT_RETURN_TYPE = YES_ERROR;
				GCC_WARN_UNDECLARED_SELECTOR = YES;
				GCC_WARN_UNINITIALIZED_AUTOS = YES_AGGRESSIVE;
				GCC_WARN_UNUSED_FUNCTION = YES;
				GCC_WARN_UNUSED_VARIABLE = YES;
				IPHONEOS_DEPLOYMENT_TARGET = 15.5;
				MTL_ENABLE_DEBUG_INFO = NO;
				MTL_FAST_MATH = YES;
				SDKROOT = iphoneos;
				SWIFT_COMPILATION_MODE = wholemodule;
				SWIFT_OPTIMIZATION_LEVEL = "-O";
				VALIDATE_PRODUCT = YES;
			};
			name = Release;
		};
		C3CD0121289CFCCD00777E2E /* Debug */ = {
			isa = XCBuildConfiguration;
			buildSettings = {
				ASSETCATALOG_COMPILER_APPICON_NAME = AppIcon;
				ASSETCATALOG_COMPILER_GLOBAL_ACCENT_COLOR_NAME = AccentColor;
				CODE_SIGN_STYLE = Automatic;
				CURRENT_PROJECT_VERSION = 1;
				DEVELOPMENT_ASSET_PATHS = "\"FireLogin/Preview Content\"";
				DEVELOPMENT_TEAM = L9Y3FHTTJZ;
				ENABLE_PREVIEWS = YES;
				GENERATE_INFOPLIST_FILE = YES;
				INFOPLIST_KEY_UIApplicationSceneManifest_Generation = YES;
				INFOPLIST_KEY_UIApplicationSupportsIndirectInputEvents = YES;
				INFOPLIST_KEY_UILaunchScreen_Generation = YES;
				INFOPLIST_KEY_UISupportedInterfaceOrientations_iPad = "UIInterfaceOrientationPortrait UIInterfaceOrientationPortraitUpsideDown UIInterfaceOrientationLandscapeLeft UIInterfaceOrientationLandscapeRight";
				INFOPLIST_KEY_UISupportedInterfaceOrientations_iPhone = "UIInterfaceOrientationPortrait UIInterfaceOrientationLandscapeLeft UIInterfaceOrientationLandscapeRight";
				LD_RUNPATH_SEARCH_PATHS = (
					"$(inherited)",
					"@executable_path/Frameworks",
				);
				MARKETING_VERSION = 1.0;
				PRODUCT_BUNDLE_IDENTIFIER = sullivan.FireLogin;
				PRODUCT_NAME = "$(TARGET_NAME)";
				SWIFT_EMIT_LOC_STRINGS = YES;
				SWIFT_VERSION = 5.0;
				TARGETED_DEVICE_FAMILY = "1,2";
			};
			name = Debug;
		};
		C3CD0122289CFCCD00777E2E /* Release */ = {
			isa = XCBuildConfiguration;
			buildSettings = {
				ASSETCATALOG_COMPILER_APPICON_NAME = AppIcon;
				ASSETCATALOG_COMPILER_GLOBAL_ACCENT_COLOR_NAME = AccentColor;
				CODE_SIGN_STYLE = Automatic;
				CURRENT_PROJECT_VERSION = 1;
				DEVELOPMENT_ASSET_PATHS = "\"FireLogin/Preview Content\"";
				DEVELOPMENT_TEAM = L9Y3FHTTJZ;
				ENABLE_PREVIEWS = YES;
				GENERATE_INFOPLIST_FILE = YES;
				INFOPLIST_KEY_UIApplicationSceneManifest_Generation = YES;
				INFOPLIST_KEY_UIApplicationSupportsIndirectInputEvents = YES;
				INFOPLIST_KEY_UILaunchScreen_Generation = YES;
				INFOPLIST_KEY_UISupportedInterfaceOrientations_iPad = "UIInterfaceOrientationPortrait UIInterfaceOrientationPortraitUpsideDown UIInterfaceOrientationLandscapeLeft UIInterfaceOrientationLandscapeRight";
				INFOPLIST_KEY_UISupportedInterfaceOrientations_iPhone = "UIInterfaceOrientationPortrait UIInterfaceOrientationLandscapeLeft UIInterfaceOrientationLandscapeRight";
				LD_RUNPATH_SEARCH_PATHS = (
					"$(inherited)",
					"@executable_path/Frameworks",
				);
				MARKETING_VERSION = 1.0;
				PRODUCT_BUNDLE_IDENTIFIER = sullivan.FireLogin;
				PRODUCT_NAME = "$(TARGET_NAME)";
				SWIFT_EMIT_LOC_STRINGS = YES;
				SWIFT_VERSION = 5.0;
				TARGETED_DEVICE_FAMILY = "1,2";
			};
			name = Release;
		};
		C3CD0124289CFCCD00777E2E /* Debug */ = {
			isa = XCBuildConfiguration;
			buildSettings = {
				ALWAYS_EMBED_SWIFT_STANDARD_LIBRARIES = YES;
				BUNDLE_LOADER = "$(TEST_HOST)";
				CODE_SIGN_STYLE = Automatic;
				CURRENT_PROJECT_VERSION = 1;
				DEVELOPMENT_TEAM = L9Y3FHTTJZ;
				GENERATE_INFOPLIST_FILE = YES;
				IPHONEOS_DEPLOYMENT_TARGET = 15.5;
				MARKETING_VERSION = 1.0;
				PRODUCT_BUNDLE_IDENTIFIER = sullivan.FireLoginTests;
				PRODUCT_NAME = "$(TARGET_NAME)";
				SWIFT_EMIT_LOC_STRINGS = NO;
				SWIFT_VERSION = 5.0;
				TARGETED_DEVICE_FAMILY = "1,2";
				TEST_HOST = "$(BUILT_PRODUCTS_DIR)/FireLogin.app/FireLogin";
			};
			name = Debug;
		};
		C3CD0125289CFCCD00777E2E /* Release */ = {
			isa = XCBuildConfiguration;
			buildSettings = {
				ALWAYS_EMBED_SWIFT_STANDARD_LIBRARIES = YES;
				BUNDLE_LOADER = "$(TEST_HOST)";
				CODE_SIGN_STYLE = Automatic;
				CURRENT_PROJECT_VERSION = 1;
				DEVELOPMENT_TEAM = L9Y3FHTTJZ;
				GENERATE_INFOPLIST_FILE = YES;
				IPHONEOS_DEPLOYMENT_TARGET = 15.5;
				MARKETING_VERSION = 1.0;
				PRODUCT_BUNDLE_IDENTIFIER = sullivan.FireLoginTests;
				PRODUCT_NAME = "$(TARGET_NAME)";
				SWIFT_EMIT_LOC_STRINGS = NO;
				SWIFT_VERSION = 5.0;
				TARGETED_DEVICE_FAMILY = "1,2";
				TEST_HOST = "$(BUILT_PRODUCTS_DIR)/FireLogin.app/FireLogin";
			};
			name = Release;
		};
		C3CD0127289CFCCD00777E2E /* Debug */ = {
			isa = XCBuildConfiguration;
			buildSettings = {
				ALWAYS_EMBED_SWIFT_STANDARD_LIBRARIES = YES;
				CODE_SIGN_STYLE = Automatic;
				CURRENT_PROJECT_VERSION = 1;
				DEVELOPMENT_TEAM = L9Y3FHTTJZ;
				GENERATE_INFOPLIST_FILE = YES;
				MARKETING_VERSION = 1.0;
				PRODUCT_BUNDLE_IDENTIFIER = sullivan.FireLoginUITests;
				PRODUCT_NAME = "$(TARGET_NAME)";
				SWIFT_EMIT_LOC_STRINGS = NO;
				SWIFT_VERSION = 5.0;
				TARGETED_DEVICE_FAMILY = "1,2";
				TEST_TARGET_NAME = FireLogin;
			};
			name = Debug;
		};
		C3CD0128289CFCCD00777E2E /* Release */ = {
			isa = XCBuildConfiguration;
			buildSettings = {
				ALWAYS_EMBED_SWIFT_STANDARD_LIBRARIES = YES;
				CODE_SIGN_STYLE = Automatic;
				CURRENT_PROJECT_VERSION = 1;
				DEVELOPMENT_TEAM = L9Y3FHTTJZ;
				GENERATE_INFOPLIST_FILE = YES;
				MARKETING_VERSION = 1.0;
				PRODUCT_BUNDLE_IDENTIFIER = sullivan.FireLoginUITests;
				PRODUCT_NAME = "$(TARGET_NAME)";
				SWIFT_EMIT_LOC_STRINGS = NO;
				SWIFT_VERSION = 5.0;
				TARGETED_DEVICE_FAMILY = "1,2";
				TEST_TARGET_NAME = FireLogin;
			};
			name = Release;
		};
/* End XCBuildConfiguration section */

/* Begin XCConfigurationList section */
		C3CD00F7289CFCCA00777E2E /* Build configuration list for PBXProject "FireLogin" */ = {
			isa = XCConfigurationList;
			buildConfigurations = (
				C3CD011E289CFCCD00777E2E /* Debug */,
				C3CD011F289CFCCD00777E2E /* Release */,
			);
			defaultConfigurationIsVisible = 0;
			defaultConfigurationName = Release;
		};
		C3CD0120289CFCCD00777E2E /* Build configuration list for PBXNativeTarget "FireLogin" */ = {
			isa = XCConfigurationList;
			buildConfigurations = (
				C3CD0121289CFCCD00777E2E /* Debug */,
				C3CD0122289CFCCD00777E2E /* Release */,
			);
			defaultConfigurationIsVisible = 0;
			defaultConfigurationName = Release;
		};
		C3CD0123289CFCCD00777E2E /* Build configuration list for PBXNativeTarget "FireLoginTests" */ = {
			isa = XCConfigurationList;
			buildConfigurations = (
				C3CD0124289CFCCD00777E2E /* Debug */,
				C3CD0125289CFCCD00777E2E /* Release */,
			);
			defaultConfigurationIsVisible = 0;
			defaultConfigurationName = Release;
		};
		C3CD0126289CFCCD00777E2E /* Build configuration list for PBXNativeTarget "FireLoginUITests" */ = {
			isa = XCConfigurationList;
			buildConfigurations = (
				C3CD0127289CFCCD00777E2E /* Debug */,
				C3CD0128289CFCCD00777E2E /* Release */,
			);
			defaultConfigurationIsVisible = 0;
			defaultConfigurationName = Release;
		};
/* End XCConfigurationList section */

/* Begin XCRemoteSwiftPackageReference section */
		C3CD012B289CFE1E00777E2E /* XCRemoteSwiftPackageReference "firebase-ios-sdk" */ = {
			isa = XCRemoteSwiftPackageReference;
			repositoryURL = "https://github.com/firebase/firebase-ios-sdk";
			requirement = {
				branch = master;
				kind = branch;
			};
		};
/* End XCRemoteSwiftPackageReference section */

/* Begin XCSwiftPackageProductDependency section */
		C3CD012C289CFE1E00777E2E /* FirebaseAuth */ = {
			isa = XCSwiftPackageProductDependency;
			package = C3CD012B289CFE1E00777E2E /* XCRemoteSwiftPackageReference "firebase-ios-sdk" */;
			productName = FirebaseAuth;
		};
		C3CD012E289CFE1E00777E2E /* FirebaseDatabase */ = {
			isa = XCSwiftPackageProductDependency;
			package = C3CD012B289CFE1E00777E2E /* XCRemoteSwiftPackageReference "firebase-ios-sdk" */;
			productName = FirebaseDatabase;
		};
		C3CD0130289CFE1E00777E2E /* FirebaseDatabaseSwift */ = {
			isa = XCSwiftPackageProductDependency;
			package = C3CD012B289CFE1E00777E2E /* XCRemoteSwiftPackageReference "firebase-ios-sdk" */;
			productName = FirebaseDatabaseSwift;
		};
		C3CD0132289CFE1E00777E2E /* FirebaseFirestore */ = {
			isa = XCSwiftPackageProductDependency;
			package = C3CD012B289CFE1E00777E2E /* XCRemoteSwiftPackageReference "firebase-ios-sdk" */;
			productName = FirebaseFirestore;
		};
		C3CD0134289CFE1E00777E2E /* FirebaseFirestoreSwift */ = {
			isa = XCSwiftPackageProductDependency;
			package = C3CD012B289CFE1E00777E2E /* XCRemoteSwiftPackageReference "firebase-ios-sdk" */;
			productName = FirebaseFirestoreSwift;
		};
		C3CD0136289CFE1E00777E2E /* FirebaseStorage */ = {
			isa = XCSwiftPackageProductDependency;
			package = C3CD012B289CFE1E00777E2E /* XCRemoteSwiftPackageReference "firebase-ios-sdk" */;
			productName = FirebaseStorage;
		};
		C3CD0138289CFE1E00777E2E /* FirebaseStorageCombine-Community */ = {
			isa = XCSwiftPackageProductDependency;
			package = C3CD012B289CFE1E00777E2E /* XCRemoteSwiftPackageReference "firebase-ios-sdk" */;
			productName = "FirebaseStorageCombine-Community";
		};
/* End XCSwiftPackageProductDependency section */
	};
	rootObject = C3CD00F4289CFCCA00777E2E /* Project object */;
}
